
Microsoft Visual Studio Solution File, Format Version 12.00
# Visual Studio Version 17
VisualStudioVersion = 17.13.35806.99 d17.13
MinimumVisualStudioVersion = 10.0.40219.1
Project("{FAE04EC0-301F-11D3-BF4B-00C04F79EFBC}") = "WeatherAppVer2", "WeatherAppVer2\WeatherAppVer2.csproj", "{9526018C-9DCE-42D9-B5B9-CAE02A69F126}"
EndProject
Global
	GlobalSection(SolutionConfigurationPlatforms) = preSolution
		Debug|Any CPU = Debug|Any CPU
		Release|Any CPU = Release|Any CPU
	EndGlobalSection
	GlobalSection(ProjectConfigurationPlatforms) = postSolution
		{9526018C-9DCE-42D9-B5B9-CAE02A69F126}.Debug|Any CPU.ActiveCfg = Debug|Any CPU
		{9526018C-9DCE-42D9-B5B9-CAE02A69F126}.Debug|Any CPU.Build.0 = Debug|Any CPU
		{9526018C-9DCE-42D9-B5B9-CAE02A69F126}.Release|Any CPU.ActiveCfg = Release|Any CPU
		{9526018C-9DCE-42D9-B5B9-CAE02A69F126}.Release|Any CPU.Build.0 = Release|Any CPU
	EndGlobalSection
	GlobalSection(SolutionProperties) = preSolution
		HideSolutionNode = FALSE
	EndGlobalSection
	GlobalSection(ExtensibilityGlobals) = postSolution
		SolutionGuid = {04DD905C-D790-4B04-A37C-16C81A1D739D}
	EndGlobalSection
EndGlobal
