
Microsoft Visual Studio Solution File, Format Version 12.00
# Visual Studio Version 17
VisualStudioVersion = 17.11.35327.3
MinimumVisualStudioVersion = 10.0.40219.1
Project("{FAE04EC0-301F-11D3-BF4B-00C04F79EFBC}") = "MyAdditionCalculator", "MyAdditionCalculator\MyAdditionCalculator.csproj", "{73A60460-1B71-4651-BA7F-66C8F3A79D1B}"
EndProject
Global
	GlobalSection(SolutionConfigurationPlatforms) = preSolution
		Debug|Any CPU = Debug|Any CPU
		Release|Any CPU = Release|Any CPU
	EndGlobalSection
	GlobalSection(ProjectConfigurationPlatforms) = postSolution
		{73A60460-1B71-4651-BA7F-66C8F3A79D1B}.Debug|Any CPU.ActiveCfg = Debug|Any CPU
		{73A60460-1B71-4651-BA7F-66C8F3A79D1B}.Debug|Any CPU.Build.0 = Debug|Any CPU
		{73A60460-1B71-4651-BA7F-66C8F3A79D1B}.Release|Any CPU.ActiveCfg = Release|Any CPU
		{73A60460-1B71-4651-BA7F-66C8F3A79D1B}.Release|Any CPU.Build.0 = Release|Any CPU
	EndGlobalSection
	GlobalSection(SolutionProperties) = preSolution
		HideSolutionNode = FALSE
	EndGlobalSection
	GlobalSection(ExtensibilityGlobals) = postSolution
		SolutionGuid = {ED453C2F-EF27-44C7-9FE2-F9E778207BF7}
	EndGlobalSection
EndGlobal
