
Microsoft Visual Studio Solution File, Format Version 12.00
# Visual Studio Version 17
VisualStudioVersion = 17.9.34728.123
MinimumVisualStudioVersion = 10.0.40219.1
Project("{FAE04EC0-301F-11D3-BF4B-00C04F79EFBC}") = "DependencyInjectionApp", "DependencyInjectionApp\DependencyInjectionApp.csproj", "{A80D44FB-39A3-4D91-83A4-BF4ACB0895C8}"
EndProject
Global
	GlobalSection(SolutionConfigurationPlatforms) = preSolution
		Debug|Any CPU = Debug|Any CPU
		Release|Any CPU = Release|Any CPU
	EndGlobalSection
	GlobalSection(ProjectConfigurationPlatforms) = postSolution
		{A80D44FB-39A3-4D91-83A4-BF4ACB0895C8}.Debug|Any CPU.ActiveCfg = Debug|Any CPU
		{A80D44FB-39A3-4D91-83A4-BF4ACB0895C8}.Debug|Any CPU.Build.0 = Debug|Any CPU
		{A80D44FB-39A3-4D91-83A4-BF4ACB0895C8}.Release|Any CPU.ActiveCfg = Release|Any CPU
		{A80D44FB-39A3-4D91-83A4-BF4ACB0895C8}.Release|Any CPU.Build.0 = Release|Any CPU
	EndGlobalSection
	GlobalSection(SolutionProperties) = preSolution
		HideSolutionNode = FALSE
	EndGlobalSection
	GlobalSection(ExtensibilityGlobals) = postSolution
		SolutionGuid = {3081EC96-083C-4ABE-9E47-EC6AB75BB21E}
	EndGlobalSection
EndGlobal
