
Microsoft Visual Studio Solution File, Format Version 12.00
# Visual Studio Version 17
VisualStudioVersion = 17.11.35327.3
MinimumVisualStudioVersion = 10.0.40219.1
Project("{FAE04EC0-301F-11D3-BF4B-00C04F79EFBC}") = "GenericReflection", "GenericReflection\GenericReflection.csproj", "{BEF8B3A6-C998-459E-8E67-EF26F77005B7}"
EndProject
Global
	GlobalSection(SolutionConfigurationPlatforms) = preSolution
		Debug|Any CPU = Debug|Any CPU
		Release|Any CPU = Release|Any CPU
	EndGlobalSection
	GlobalSection(ProjectConfigurationPlatforms) = postSolution
		{BEF8B3A6-C998-459E-8E67-EF26F77005B7}.Debug|Any CPU.ActiveCfg = Debug|Any CPU
		{BEF8B3A6-C998-459E-8E67-EF26F77005B7}.Debug|Any CPU.Build.0 = Debug|Any CPU
		{BEF8B3A6-C998-459E-8E67-EF26F77005B7}.Release|Any CPU.ActiveCfg = Release|Any CPU
		{BEF8B3A6-C998-459E-8E67-EF26F77005B7}.Release|Any CPU.Build.0 = Release|Any CPU
	EndGlobalSection
	GlobalSection(SolutionProperties) = preSolution
		HideSolutionNode = FALSE
	EndGlobalSection
	GlobalSection(ExtensibilityGlobals) = postSolution
		SolutionGuid = {61E79824-C3D5-4113-BB6B-5142D1B59056}
	EndGlobalSection
EndGlobal
