
Microsoft Visual Studio Solution File, Format Version 12.00
# Visual Studio Version 17
VisualStudioVersion = 17.12.35521.163 d17.12
MinimumVisualStudioVersion = 10.0.40219.1
Project("{FAE04EC0-301F-11D3-BF4B-00C04F79EFBC}") = "Linq4", "Linq4\Linq4.csproj", "{59A6B1D3-B6B0-4AEB-80A5-3EC364288C57}"
EndProject
Project("{FAE04EC0-301F-11D3-BF4B-00C04F79EFBC}") = "LinqToSQL", "LinqToSQL\LinqToSQL.csproj", "{9AE71859-D39B-42B8-8B52-C35C5ACA0E63}"
EndProject
Global
	GlobalSection(SolutionConfigurationPlatforms) = preSolution
		Debug|Any CPU = Debug|Any CPU
		Release|Any CPU = Release|Any CPU
	EndGlobalSection
	GlobalSection(ProjectConfigurationPlatforms) = postSolution
		{59A6B1D3-B6B0-4AEB-80A5-3EC364288C57}.Debug|Any CPU.ActiveCfg = Debug|Any CPU
		{59A6B1D3-B6B0-4AEB-80A5-3EC364288C57}.Debug|Any CPU.Build.0 = Debug|Any CPU
		{59A6B1D3-B6B0-4AEB-80A5-3EC364288C57}.Release|Any CPU.ActiveCfg = Release|Any CPU
		{59A6B1D3-B6B0-4AEB-80A5-3EC364288C57}.Release|Any CPU.Build.0 = Release|Any CPU
		{9AE71859-D39B-42B8-8B52-C35C5ACA0E63}.Debug|Any CPU.ActiveCfg = Debug|Any CPU
		{9AE71859-D39B-42B8-8B52-C35C5ACA0E63}.Debug|Any CPU.Build.0 = Debug|Any CPU
		{9AE71859-D39B-42B8-8B52-C35C5ACA0E63}.Release|Any CPU.ActiveCfg = Release|Any CPU
		{9AE71859-D39B-42B8-8B52-C35C5ACA0E63}.Release|Any CPU.Build.0 = Release|Any CPU
	EndGlobalSection
	GlobalSection(SolutionProperties) = preSolution
		HideSolutionNode = FALSE
	EndGlobalSection
EndGlobal
