
Microsoft Visual Studio Solution File, Format Version 12.00
# Visual Studio Version 17
VisualStudioVersion = 17.11.35327.3
MinimumVisualStudioVersion = 10.0.40219.1
Project("{9A19103F-16F7-4668-BE54-9A1E7A4F7556}") = "Algorithm", "Algorithm\Algorithm.csproj", "{67E0F13F-82A3-48BD-B32D-DA39B7240402}"
EndProject
Project("{9A19103F-16F7-4668-BE54-9A1E7A4F7556}") = "Baek30802", "Baek30802\Baek30802.csproj", "{40A79B80-BDB4-4665-BE4F-9BDDD3C5A3D2}"
EndProject
Project("{9A19103F-16F7-4668-BE54-9A1E7A4F7556}") = "Baek1427", "Baek1427\Baek1427.csproj", "{4FA2D2A0-4E17-4E79-8887-CD22D1A6DE68}"
EndProject
Project("{9A19103F-16F7-4668-BE54-9A1E7A4F7556}") = "Baek10808", "Baek10808\Baek10808.csproj", "{E112F00E-C926-463C-9012-71788F5C8E3A}"
EndProject
Project("{9A19103F-16F7-4668-BE54-9A1E7A4F7556}") = "Baek1475", "Baek1475\Baek1475.csproj", "{03A187E3-1633-4D79-ADFD-A124A718315C}"
EndProject
Project("{9A19103F-16F7-4668-BE54-9A1E7A4F7556}") = "Baek2577", "Baek2577\Baek2577.csproj", "{610FDCCE-61EC-4309-9835-CEB06BE5BE76}"
EndProject
Project("{9A19103F-16F7-4668-BE54-9A1E7A4F7556}") = "Baek 3273", "Baek 3273\Baek 3273.csproj", "{19FD4268-0651-40F4-8423-0F046142ADE5}"
EndProject
Project("{9A19103F-16F7-4668-BE54-9A1E7A4F7556}") = "Baek10807", "Baek10807\Baek10807.csproj", "{D1FBB3F0-D588-4A6F-9F5D-AE4256FED6D8}"
EndProject
Project("{9A19103F-16F7-4668-BE54-9A1E7A4F7556}") = "Baek13300", "Baek13300\Baek13300.csproj", "{B53EC363-DC9E-438D-A921-EA9A108668D6}"
EndProject
Project("{9A19103F-16F7-4668-BE54-9A1E7A4F7556}") = "Baek11328", "Baek11328\Baek11328.csproj", "{CE419D56-5DBD-4AA6-89C6-4BA2D90450B8}"
EndProject
Project("{9A19103F-16F7-4668-BE54-9A1E7A4F7556}") = "Baek1919", "Baek1919\Baek1919.csproj", "{CAD592AB-C972-4EA5-B1AC-553EF9A7AACA}"
EndProject
Project("{9A19103F-16F7-4668-BE54-9A1E7A4F7556}") = "Baek1406", "Baek1406\Baek1406.csproj", "{6C27A4FE-0C46-4AB5-9673-D66530128B4F}"
EndProject
Project("{9A19103F-16F7-4668-BE54-9A1E7A4F7556}") = "MyLinkedList", "MyLinkedList\MyLinkedList.csproj", "{671F5757-DE7C-46BC-B833-F007707378B6}"
EndProject
Project("{9A19103F-16F7-4668-BE54-9A1E7A4F7556}") = "Baek1158", "Baek1158\Baek1158.csproj", "{4F57C7E2-40CC-4E98-B8FC-58793C6C2DA3}"
EndProject
Project("{9A19103F-16F7-4668-BE54-9A1E7A4F7556}") = "Baek5397", "Baek5397\Baek5397.csproj", "{04F3E32B-7AAA-45AF-97BD-CBF01CCD1066}"
EndProject
Project("{9A19103F-16F7-4668-BE54-9A1E7A4F7556}") = "Baek2493", "Baek2493\Baek2493.csproj", "{02358A35-DFD9-460D-B906-C171F5094669}"
EndProject
Project("{9A19103F-16F7-4668-BE54-9A1E7A4F7556}") = "Baek17928", "Baek17928\Baek17928.csproj", "{79D90230-630D-4429-95B8-3EF5C8B668AD}"
EndProject
Project("{9A19103F-16F7-4668-BE54-9A1E7A4F7556}") = "Baek6549", "Baek6549\Baek6549.csproj", "{5FC8BADB-E9D7-4682-91FA-D0EC7618CC99}"
EndProject
Project("{9A19103F-16F7-4668-BE54-9A1E7A4F7556}") = "Baek10773", "Baek10773\Baek10773.csproj", "{C2749D80-2DDD-4CF9-AF2A-510618600623}"
EndProject
Project("{9A19103F-16F7-4668-BE54-9A1E7A4F7556}") = "Baek 10866", "Baek 10866\Baek 10866.csproj", "{687B5397-436D-4D5B-B1C8-7B5FABC3315B}"
EndProject
Project("{9A19103F-16F7-4668-BE54-9A1E7A4F7556}") = "Baek 10816", "Baek 10816\Baek 10816.csproj", "{56E05870-AD1B-4091-B141-6D5259DC8E5A}"
EndProject
Project("{9A19103F-16F7-4668-BE54-9A1E7A4F7556}") = "Baek 1021", "Baek 1021\Baek 1021.csproj", "{A6BCCF72-1790-4D6A-9FBA-2284465EF136}"
EndProject
Project("{9A19103F-16F7-4668-BE54-9A1E7A4F7556}") = "Baek 4949", "Baek 4949\Baek 4949.csproj", "{89104CE8-30DB-43F3-8A27-D363F5011F33}"
EndProject
Project("{9A19103F-16F7-4668-BE54-9A1E7A4F7556}") = "Baek 3986", "Baek 3986\Baek 3986.csproj", "{39C6DDDF-AF60-4F11-A871-E396D43A3BB4}"
EndProject
Project("{FAE04EC0-301F-11D3-BF4B-00C04F79EFBC}") = "Baek 10799", "Baek 10799\Baek 10799.csproj", "{304655E0-4FBC-463B-B922-5117E8B01B2C}"
EndProject
Global
	GlobalSection(SolutionConfigurationPlatforms) = preSolution
		Debug|Any CPU = Debug|Any CPU
		Release|Any CPU = Release|Any CPU
	EndGlobalSection
	GlobalSection(ProjectConfigurationPlatforms) = postSolution
		{67E0F13F-82A3-48BD-B32D-DA39B7240402}.Debug|Any CPU.ActiveCfg = Debug|Any CPU
		{67E0F13F-82A3-48BD-B32D-DA39B7240402}.Debug|Any CPU.Build.0 = Debug|Any CPU
		{67E0F13F-82A3-48BD-B32D-DA39B7240402}.Release|Any CPU.ActiveCfg = Release|Any CPU
		{67E0F13F-82A3-48BD-B32D-DA39B7240402}.Release|Any CPU.Build.0 = Release|Any CPU
		{40A79B80-BDB4-4665-BE4F-9BDDD3C5A3D2}.Debug|Any CPU.ActiveCfg = Debug|Any CPU
		{40A79B80-BDB4-4665-BE4F-9BDDD3C5A3D2}.Debug|Any CPU.Build.0 = Debug|Any CPU
		{40A79B80-BDB4-4665-BE4F-9BDDD3C5A3D2}.Release|Any CPU.ActiveCfg = Release|Any CPU
		{40A79B80-BDB4-4665-BE4F-9BDDD3C5A3D2}.Release|Any CPU.Build.0 = Release|Any CPU
		{4FA2D2A0-4E17-4E79-8887-CD22D1A6DE68}.Debug|Any CPU.ActiveCfg = Debug|Any CPU
		{4FA2D2A0-4E17-4E79-8887-CD22D1A6DE68}.Debug|Any CPU.Build.0 = Debug|Any CPU
		{4FA2D2A0-4E17-4E79-8887-CD22D1A6DE68}.Release|Any CPU.ActiveCfg = Release|Any CPU
		{4FA2D2A0-4E17-4E79-8887-CD22D1A6DE68}.Release|Any CPU.Build.0 = Release|Any CPU
		{E112F00E-C926-463C-9012-71788F5C8E3A}.Debug|Any CPU.ActiveCfg = Debug|Any CPU
		{E112F00E-C926-463C-9012-71788F5C8E3A}.Debug|Any CPU.Build.0 = Debug|Any CPU
		{E112F00E-C926-463C-9012-71788F5C8E3A}.Release|Any CPU.ActiveCfg = Release|Any CPU
		{E112F00E-C926-463C-9012-71788F5C8E3A}.Release|Any CPU.Build.0 = Release|Any CPU
		{03A187E3-1633-4D79-ADFD-A124A718315C}.Debug|Any CPU.ActiveCfg = Debug|Any CPU
		{03A187E3-1633-4D79-ADFD-A124A718315C}.Debug|Any CPU.Build.0 = Debug|Any CPU
		{03A187E3-1633-4D79-ADFD-A124A718315C}.Release|Any CPU.ActiveCfg = Release|Any CPU
		{03A187E3-1633-4D79-ADFD-A124A718315C}.Release|Any CPU.Build.0 = Release|Any CPU
		{610FDCCE-61EC-4309-9835-CEB06BE5BE76}.Debug|Any CPU.ActiveCfg = Debug|Any CPU
		{610FDCCE-61EC-4309-9835-CEB06BE5BE76}.Debug|Any CPU.Build.0 = Debug|Any CPU
		{610FDCCE-61EC-4309-9835-CEB06BE5BE76}.Release|Any CPU.ActiveCfg = Release|Any CPU
		{610FDCCE-61EC-4309-9835-CEB06BE5BE76}.Release|Any CPU.Build.0 = Release|Any CPU
		{19FD4268-0651-40F4-8423-0F046142ADE5}.Debug|Any CPU.ActiveCfg = Debug|Any CPU
		{19FD4268-0651-40F4-8423-0F046142ADE5}.Debug|Any CPU.Build.0 = Debug|Any CPU
		{19FD4268-0651-40F4-8423-0F046142ADE5}.Release|Any CPU.ActiveCfg = Release|Any CPU
		{19FD4268-0651-40F4-8423-0F046142ADE5}.Release|Any CPU.Build.0 = Release|Any CPU
		{D1FBB3F0-D588-4A6F-9F5D-AE4256FED6D8}.Debug|Any CPU.ActiveCfg = Debug|Any CPU
		{D1FBB3F0-D588-4A6F-9F5D-AE4256FED6D8}.Debug|Any CPU.Build.0 = Debug|Any CPU
		{D1FBB3F0-D588-4A6F-9F5D-AE4256FED6D8}.Release|Any CPU.ActiveCfg = Release|Any CPU
		{D1FBB3F0-D588-4A6F-9F5D-AE4256FED6D8}.Release|Any CPU.Build.0 = Release|Any CPU
		{B53EC363-DC9E-438D-A921-EA9A108668D6}.Debug|Any CPU.ActiveCfg = Debug|Any CPU
		{B53EC363-DC9E-438D-A921-EA9A108668D6}.Debug|Any CPU.Build.0 = Debug|Any CPU
		{B53EC363-DC9E-438D-A921-EA9A108668D6}.Release|Any CPU.ActiveCfg = Release|Any CPU
		{B53EC363-DC9E-438D-A921-EA9A108668D6}.Release|Any CPU.Build.0 = Release|Any CPU
		{CE419D56-5DBD-4AA6-89C6-4BA2D90450B8}.Debug|Any CPU.ActiveCfg = Debug|Any CPU
		{CE419D56-5DBD-4AA6-89C6-4BA2D90450B8}.Debug|Any CPU.Build.0 = Debug|Any CPU
		{CE419D56-5DBD-4AA6-89C6-4BA2D90450B8}.Release|Any CPU.ActiveCfg = Release|Any CPU
		{CE419D56-5DBD-4AA6-89C6-4BA2D90450B8}.Release|Any CPU.Build.0 = Release|Any CPU
		{CAD592AB-C972-4EA5-B1AC-553EF9A7AACA}.Debug|Any CPU.ActiveCfg = Debug|Any CPU
		{CAD592AB-C972-4EA5-B1AC-553EF9A7AACA}.Debug|Any CPU.Build.0 = Debug|Any CPU
		{CAD592AB-C972-4EA5-B1AC-553EF9A7AACA}.Release|Any CPU.ActiveCfg = Release|Any CPU
		{CAD592AB-C972-4EA5-B1AC-553EF9A7AACA}.Release|Any CPU.Build.0 = Release|Any CPU
		{6C27A4FE-0C46-4AB5-9673-D66530128B4F}.Debug|Any CPU.ActiveCfg = Debug|Any CPU
		{6C27A4FE-0C46-4AB5-9673-D66530128B4F}.Debug|Any CPU.Build.0 = Debug|Any CPU
		{6C27A4FE-0C46-4AB5-9673-D66530128B4F}.Release|Any CPU.ActiveCfg = Release|Any CPU
		{6C27A4FE-0C46-4AB5-9673-D66530128B4F}.Release|Any CPU.Build.0 = Release|Any CPU
		{671F5757-DE7C-46BC-B833-F007707378B6}.Debug|Any CPU.ActiveCfg = Debug|Any CPU
		{671F5757-DE7C-46BC-B833-F007707378B6}.Debug|Any CPU.Build.0 = Debug|Any CPU
		{671F5757-DE7C-46BC-B833-F007707378B6}.Release|Any CPU.ActiveCfg = Release|Any CPU
		{671F5757-DE7C-46BC-B833-F007707378B6}.Release|Any CPU.Build.0 = Release|Any CPU
		{4F57C7E2-40CC-4E98-B8FC-58793C6C2DA3}.Debug|Any CPU.ActiveCfg = Debug|Any CPU
		{4F57C7E2-40CC-4E98-B8FC-58793C6C2DA3}.Debug|Any CPU.Build.0 = Debug|Any CPU
		{4F57C7E2-40CC-4E98-B8FC-58793C6C2DA3}.Release|Any CPU.ActiveCfg = Release|Any CPU
		{4F57C7E2-40CC-4E98-B8FC-58793C6C2DA3}.Release|Any CPU.Build.0 = Release|Any CPU
		{04F3E32B-7AAA-45AF-97BD-CBF01CCD1066}.Debug|Any CPU.ActiveCfg = Debug|Any CPU
		{04F3E32B-7AAA-45AF-97BD-CBF01CCD1066}.Debug|Any CPU.Build.0 = Debug|Any CPU
		{04F3E32B-7AAA-45AF-97BD-CBF01CCD1066}.Release|Any CPU.ActiveCfg = Release|Any CPU
		{04F3E32B-7AAA-45AF-97BD-CBF01CCD1066}.Release|Any CPU.Build.0 = Release|Any CPU
		{02358A35-DFD9-460D-B906-C171F5094669}.Debug|Any CPU.ActiveCfg = Debug|Any CPU
		{02358A35-DFD9-460D-B906-C171F5094669}.Debug|Any CPU.Build.0 = Debug|Any CPU
		{02358A35-DFD9-460D-B906-C171F5094669}.Release|Any CPU.ActiveCfg = Release|Any CPU
		{02358A35-DFD9-460D-B906-C171F5094669}.Release|Any CPU.Build.0 = Release|Any CPU
		{79D90230-630D-4429-95B8-3EF5C8B668AD}.Debug|Any CPU.ActiveCfg = Debug|Any CPU
		{79D90230-630D-4429-95B8-3EF5C8B668AD}.Debug|Any CPU.Build.0 = Debug|Any CPU
		{79D90230-630D-4429-95B8-3EF5C8B668AD}.Release|Any CPU.ActiveCfg = Release|Any CPU
		{79D90230-630D-4429-95B8-3EF5C8B668AD}.Release|Any CPU.Build.0 = Release|Any CPU
		{5FC8BADB-E9D7-4682-91FA-D0EC7618CC99}.Debug|Any CPU.ActiveCfg = Debug|Any CPU
		{5FC8BADB-E9D7-4682-91FA-D0EC7618CC99}.Debug|Any CPU.Build.0 = Debug|Any CPU
		{5FC8BADB-E9D7-4682-91FA-D0EC7618CC99}.Release|Any CPU.ActiveCfg = Release|Any CPU
		{5FC8BADB-E9D7-4682-91FA-D0EC7618CC99}.Release|Any CPU.Build.0 = Release|Any CPU
		{C2749D80-2DDD-4CF9-AF2A-510618600623}.Debug|Any CPU.ActiveCfg = Debug|Any CPU
		{C2749D80-2DDD-4CF9-AF2A-510618600623}.Debug|Any CPU.Build.0 = Debug|Any CPU
		{C2749D80-2DDD-4CF9-AF2A-510618600623}.Release|Any CPU.ActiveCfg = Release|Any CPU
		{C2749D80-2DDD-4CF9-AF2A-510618600623}.Release|Any CPU.Build.0 = Release|Any CPU
		{687B5397-436D-4D5B-B1C8-7B5FABC3315B}.Debug|Any CPU.ActiveCfg = Debug|Any CPU
		{687B5397-436D-4D5B-B1C8-7B5FABC3315B}.Debug|Any CPU.Build.0 = Debug|Any CPU
		{687B5397-436D-4D5B-B1C8-7B5FABC3315B}.Release|Any CPU.ActiveCfg = Release|Any CPU
		{687B5397-436D-4D5B-B1C8-7B5FABC3315B}.Release|Any CPU.Build.0 = Release|Any CPU
		{56E05870-AD1B-4091-B141-6D5259DC8E5A}.Debug|Any CPU.ActiveCfg = Debug|Any CPU
		{56E05870-AD1B-4091-B141-6D5259DC8E5A}.Debug|Any CPU.Build.0 = Debug|Any CPU
		{56E05870-AD1B-4091-B141-6D5259DC8E5A}.Release|Any CPU.ActiveCfg = Release|Any CPU
		{56E05870-AD1B-4091-B141-6D5259DC8E5A}.Release|Any CPU.Build.0 = Release|Any CPU
		{A6BCCF72-1790-4D6A-9FBA-2284465EF136}.Debug|Any CPU.ActiveCfg = Debug|Any CPU
		{A6BCCF72-1790-4D6A-9FBA-2284465EF136}.Debug|Any CPU.Build.0 = Debug|Any CPU
		{A6BCCF72-1790-4D6A-9FBA-2284465EF136}.Release|Any CPU.ActiveCfg = Release|Any CPU
		{A6BCCF72-1790-4D6A-9FBA-2284465EF136}.Release|Any CPU.Build.0 = Release|Any CPU
		{89104CE8-30DB-43F3-8A27-D363F5011F33}.Debug|Any CPU.ActiveCfg = Debug|Any CPU
		{89104CE8-30DB-43F3-8A27-D363F5011F33}.Debug|Any CPU.Build.0 = Debug|Any CPU
		{89104CE8-30DB-43F3-8A27-D363F5011F33}.Release|Any CPU.ActiveCfg = Release|Any CPU
		{89104CE8-30DB-43F3-8A27-D363F5011F33}.Release|Any CPU.Build.0 = Release|Any CPU
		{39C6DDDF-AF60-4F11-A871-E396D43A3BB4}.Debug|Any CPU.ActiveCfg = Debug|Any CPU
		{39C6DDDF-AF60-4F11-A871-E396D43A3BB4}.Debug|Any CPU.Build.0 = Debug|Any CPU
		{39C6DDDF-AF60-4F11-A871-E396D43A3BB4}.Release|Any CPU.ActiveCfg = Release|Any CPU
		{39C6DDDF-AF60-4F11-A871-E396D43A3BB4}.Release|Any CPU.Build.0 = Release|Any CPU
		{304655E0-4FBC-463B-B922-5117E8B01B2C}.Debug|Any CPU.ActiveCfg = Debug|Any CPU
		{304655E0-4FBC-463B-B922-5117E8B01B2C}.Debug|Any CPU.Build.0 = Debug|Any CPU
		{304655E0-4FBC-463B-B922-5117E8B01B2C}.Release|Any CPU.ActiveCfg = Release|Any CPU
		{304655E0-4FBC-463B-B922-5117E8B01B2C}.Release|Any CPU.Build.0 = Release|Any CPU
	EndGlobalSection
	GlobalSection(SolutionProperties) = preSolution
		HideSolutionNode = FALSE
	EndGlobalSection
	GlobalSection(ExtensibilityGlobals) = postSolution
		SolutionGuid = {4FCE3D4A-63AE-4AFD-8716-FDE6C3DC0F44}
	EndGlobalSection
EndGlobal
