Microsoft Visual Studio Solution File, Format Version 12.00
# Visual Studio Version 17
VisualStudioVersion = 17.13.35806.99
MinimumVisualStudioVersion = 10.0.40219.1
Project("{FAE04EC0-301F-11D3-BF4B-00C04F79EFBC}") = "TestApp", "TestApp\TestApp.csproj", "{49E86179-1AA3-4BB2-952A-B493FDF09894}"
EndProject
Global
	GlobalSection(SolutionConfigurationPlatforms) = preSolution
		Debug|Any CPU = Debug|Any CPU
		Release|Any CPU = Release|Any CPU
	EndGlobalSection
	GlobalSection(ProjectConfigurationPlatforms) = postSolution
		{49E86179-1AA3-4BB2-952A-B493FDF09894}.Debug|Any CPU.ActiveCfg = Debug|Any CPU
		{49E86179-1AA3-4BB2-952A-B493FDF09894}.Debug|Any CPU.Build.0 = Debug|Any CPU
		{49E86179-1AA3-4BB2-952A-B493FDF09894}.Release|Any CPU.ActiveCfg = Release|Any CPU
		{49E86179-1AA3-4BB2-952A-B493FDF09894}.Release|Any CPU.Build.0 = Release|Any CPU
	EndGlobalSection
	GlobalSection(SolutionProperties) = preSolution
		HideSolutionNode = FALSE
	EndGlobalSection
	GlobalSection(ExtensibilityGlobals) = postSolution
		SolutionGuid = {1D1AC554-C7C2-4AFF-BD5E-28EF96D662CF}
	EndGlobalSection
EndGlobal
