
Microsoft Visual Studio Solution File, Format Version 12.00
# Visual Studio Version 17
VisualStudioVersion = 17.12.35521.163
MinimumVisualStudioVersion = 10.0.40219.1
Project("{9A19103F-16F7-4668-BE54-9A1E7A4F7556}") = "Flight", "Flight\Flight.csproj", "{FF86A50F-517A-4BE0-839F-4BDEFABD8848}"
EndProject
Project("{9A19103F-16F7-4668-BE54-9A1E7A4F7556}") = "Domain.Tests", "Domain.Tests\Domain.Tests.csproj", "{B4513066-05D4-4E63-9251-2E346E715954}"
EndProject
Project("{9A19103F-16F7-4668-BE54-9A1E7A4F7556}") = "Domain", "Domain\Domain.csproj", "{64E5239F-3AEC-4EA5-BFED-F7D88CAF5082}"
EndProject
Project("{FAE04EC0-301F-11D3-BF4B-00C04F79EFBC}") = "Application.tests", "Application.tests\Application.tests.csproj", "{231A0F04-C364-4FC0-95F4-EEC1859F0570}"
EndProject
Project("{FAE04EC0-301F-11D3-BF4B-00C04F79EFBC}") = "Application", "Application\Application.csproj", "{E3BE0CEF-E9ED-41B8-9C04-6B368497F56B}"
EndProject
Project("{FAE04EC0-301F-11D3-BF4B-00C04F79EFBC}") = "Data", "Data\Data.csproj", "{008DC71C-30AA-465E-9187-46D04C8C3B1B}"
EndProject
Global
	GlobalSection(SolutionConfigurationPlatforms) = preSolution
		Debug|Any CPU = Debug|Any CPU
		Release|Any CPU = Release|Any CPU
	EndGlobalSection
	GlobalSection(ProjectConfigurationPlatforms) = postSolution
		{FF86A50F-517A-4BE0-839F-4BDEFABD8848}.Debug|Any CPU.ActiveCfg = Debug|Any CPU
		{FF86A50F-517A-4BE0-839F-4BDEFABD8848}.Debug|Any CPU.Build.0 = Debug|Any CPU
		{FF86A50F-517A-4BE0-839F-4BDEFABD8848}.Release|Any CPU.ActiveCfg = Release|Any CPU
		{FF86A50F-517A-4BE0-839F-4BDEFABD8848}.Release|Any CPU.Build.0 = Release|Any CPU
		{B4513066-05D4-4E63-9251-2E346E715954}.Debug|Any CPU.ActiveCfg = Debug|Any CPU
		{B4513066-05D4-4E63-9251-2E346E715954}.Debug|Any CPU.Build.0 = Debug|Any CPU
		{B4513066-05D4-4E63-9251-2E346E715954}.Release|Any CPU.ActiveCfg = Release|Any CPU
		{B4513066-05D4-4E63-9251-2E346E715954}.Release|Any CPU.Build.0 = Release|Any CPU
		{64E5239F-3AEC-4EA5-BFED-F7D88CAF5082}.Debug|Any CPU.ActiveCfg = Debug|Any CPU
		{64E5239F-3AEC-4EA5-BFED-F7D88CAF5082}.Debug|Any CPU.Build.0 = Debug|Any CPU
		{64E5239F-3AEC-4EA5-BFED-F7D88CAF5082}.Release|Any CPU.ActiveCfg = Release|Any CPU
		{64E5239F-3AEC-4EA5-BFED-F7D88CAF5082}.Release|Any CPU.Build.0 = Release|Any CPU
		{231A0F04-C364-4FC0-95F4-EEC1859F0570}.Debug|Any CPU.ActiveCfg = Debug|Any CPU
		{231A0F04-C364-4FC0-95F4-EEC1859F0570}.Debug|Any CPU.Build.0 = Debug|Any CPU
		{231A0F04-C364-4FC0-95F4-EEC1859F0570}.Release|Any CPU.ActiveCfg = Release|Any CPU
		{231A0F04-C364-4FC0-95F4-EEC1859F0570}.Release|Any CPU.Build.0 = Release|Any CPU
		{E3BE0CEF-E9ED-41B8-9C04-6B368497F56B}.Debug|Any CPU.ActiveCfg = Debug|Any CPU
		{E3BE0CEF-E9ED-41B8-9C04-6B368497F56B}.Debug|Any CPU.Build.0 = Debug|Any CPU
		{E3BE0CEF-E9ED-41B8-9C04-6B368497F56B}.Release|Any CPU.ActiveCfg = Release|Any CPU
		{E3BE0CEF-E9ED-41B8-9C04-6B368497F56B}.Release|Any CPU.Build.0 = Release|Any CPU
		{008DC71C-30AA-465E-9187-46D04C8C3B1B}.Debug|Any CPU.ActiveCfg = Debug|Any CPU
		{008DC71C-30AA-465E-9187-46D04C8C3B1B}.Debug|Any CPU.Build.0 = Debug|Any CPU
		{008DC71C-30AA-465E-9187-46D04C8C3B1B}.Release|Any CPU.ActiveCfg = Release|Any CPU
		{008DC71C-30AA-465E-9187-46D04C8C3B1B}.Release|Any CPU.Build.0 = Release|Any CPU
	EndGlobalSection
	GlobalSection(SolutionProperties) = preSolution
		HideSolutionNode = FALSE
	EndGlobalSection
EndGlobal
