
Microsoft Visual Studio Solution File, Format Version 12.00
# Visual Studio Version 17
VisualStudioVersion = 17.11.35327.3
MinimumVisualStudioVersion = 10.0.40219.1
Project("{FAE04EC0-301F-11D3-BF4B-00C04F79EFBC}") = "LearnProcess", "LearnProcess\LearnProcess.csproj", "{B560539B-B489-457B-95AA-B33902414633}"
EndProject
Global
	GlobalSection(SolutionConfigurationPlatforms) = preSolution
		Debug|Any CPU = Debug|Any CPU
		Release|Any CPU = Release|Any CPU
	EndGlobalSection
	GlobalSection(ProjectConfigurationPlatforms) = postSolution
		{B560539B-B489-457B-95AA-B33902414633}.Debug|Any CPU.ActiveCfg = Debug|Any CPU
		{B560539B-B489-457B-95AA-B33902414633}.Debug|Any CPU.Build.0 = Debug|Any CPU
		{B560539B-B489-457B-95AA-B33902414633}.Release|Any CPU.ActiveCfg = Release|Any CPU
		{B560539B-B489-457B-95AA-B33902414633}.Release|Any CPU.Build.0 = Release|Any CPU
	EndGlobalSection
	GlobalSection(SolutionProperties) = preSolution
		HideSolutionNode = FALSE
	EndGlobalSection
	GlobalSection(ExtensibilityGlobals) = postSolution
		SolutionGuid = {82DDE667-7B0F-43AA-AFA1-24016C2649D5}
	EndGlobalSection
EndGlobal
